
Microsoft Visual Studio Solution File, Format Version 12.00
# Visual Studio Version 17
VisualStudioVersion = 17.5.33627.172
MinimumVisualStudioVersion = 10.0.40219.1
Project("{9A19103F-16F7-4668-BE54-9A1E7A4F7556}") = "5s", "5s\5s.csproj", "{1DCAA55A-518E-4273-8D92-B326F2C15B1E}"
EndProject
Project("{2150E333-8FDC-42A3-9474-1A3956D46DE8}") = "Solution Items", "Solution Items", "{0F25A8E3-27E3-4C25-8327-0BA9CA908272}"
	ProjectSection(SolutionItems) = preProject
		.editorconfig = .editorconfig
	EndProjectSection
EndProject
Project("{FAE04EC0-301F-11D3-BF4B-00C04F79EFBC}") = "5sApiTest", "5sApiTest\5sApiTest.csproj", "{FFFB3114-90D7-4EC5-87A9-F73485F73834}"
EndProject
Global
	GlobalSection(SolutionConfigurationPlatforms) = preSolution
		Debug|Any CPU = Debug|Any CPU
		Release|Any CPU = Release|Any CPU
	EndGlobalSection
	GlobalSection(ProjectConfigurationPlatforms) = postSolution
		{1DCAA55A-518E-4273-8D92-B326F2C15B1E}.Debug|Any CPU.ActiveCfg = Debug|Any CPU
		{1DCAA55A-518E-4273-8D92-B326F2C15B1E}.Debug|Any CPU.Build.0 = Debug|Any CPU
		{1DCAA55A-518E-4273-8D92-B326F2C15B1E}.Release|Any CPU.ActiveCfg = Release|Any CPU
		{1DCAA55A-518E-4273-8D92-B326F2C15B1E}.Release|Any CPU.Build.0 = Release|Any CPU
		{435BF2F5-E04B-4BD5-8B02-9AEB578F212A}.Debug|Any CPU.ActiveCfg = Debug|Any CPU
		{435BF2F5-E04B-4BD5-8B02-9AEB578F212A}.Debug|Any CPU.Build.0 = Debug|Any CPU
		{435BF2F5-E04B-4BD5-8B02-9AEB578F212A}.Debug|Any CPU.Deploy.0 = Debug|Any CPU
		{435BF2F5-E04B-4BD5-8B02-9AEB578F212A}.Release|Any CPU.ActiveCfg = Release|Any CPU
		{435BF2F5-E04B-4BD5-8B02-9AEB578F212A}.Release|Any CPU.Build.0 = Release|Any CPU
		{435BF2F5-E04B-4BD5-8B02-9AEB578F212A}.Release|Any CPU.Deploy.0 = Release|Any CPU
		{FFFB3114-90D7-4EC5-87A9-F73485F73834}.Debug|Any CPU.ActiveCfg = Debug|Any CPU
		{FFFB3114-90D7-4EC5-87A9-F73485F73834}.Debug|Any CPU.Build.0 = Debug|Any CPU
		{FFFB3114-90D7-4EC5-87A9-F73485F73834}.Release|Any CPU.ActiveCfg = Release|Any CPU
		{FFFB3114-90D7-4EC5-87A9-F73485F73834}.Release|Any CPU.Build.0 = Release|Any CPU
	EndGlobalSection
	GlobalSection(SolutionProperties) = preSolution
		HideSolutionNode = FALSE
	EndGlobalSection
	GlobalSection(ExtensibilityGlobals) = postSolution
		SolutionGuid = {E3429397-07EA-459D-8CEE-9BA08C712D4F}
	EndGlobalSection
EndGlobal
